# THIS IS AN AUTOGENERATED FILE. DO NOT EDIT THIS FILE DIRECTLY.
# yarn lockfile v1


"@next/env@14.2.0-canary.19":
  version "14.2.0-canary.19"
  resolved "https://registry.yarnpkg.com/@next/env/-/env-14.2.0-canary.19.tgz#3251d2820d652cef79e7b1e142bac3d312c5fc47"
  integrity sha512-+LrrJkBvmV2UvJOq+rHQ7Mf3dHCmBv/sWCTl8avh+Dj0JtPA8u40wrdSiW6VCHel/0ZN0OO1vIV4aSwdhfRSmA==

"@next/swc-darwin-arm64@14.2.0-canary.19":
  version "14.2.0-canary.19"
  resolved "https://registry.yarnpkg.com/@next/swc-darwin-arm64/-/swc-darwin-arm64-14.2.0-canary.19.tgz#5e66dbccb26332d5ab3c388fd00865fbb45ab21a"
  integrity sha512-GZz3ljnMFHZFqQmPcC0wswUCtAS8qsmIwbQX4H4EbWUPcGMfdq9klHkvzihdADktNC0HFi2ZgHsFIZdW0JI+dQ==

"@next/swc-darwin-x64@14.2.0-canary.19":
  version "14.2.0-canary.19"
  resolved "https://registry.yarnpkg.com/@next/swc-darwin-x64/-/swc-darwin-x64-14.2.0-canary.19.tgz#3245e88b5c2d72d1989ced9a7f505b10d7ef9548"
  integrity sha512-rLqkW+Lm7XyF53rQCwWa60MZpIUYSR+QD7LlpRObcHlNF4OG7JXoPvT7c+NadHQ7Jr2/On2EiXPr1/tOKgBP6g==

"@next/swc-linux-arm64-gnu@14.2.0-canary.19":
  version "14.2.0-canary.19"
  resolved "https://registry.yarnpkg.com/@next/swc-linux-arm64-gnu/-/swc-linux-arm64-gnu-14.2.0-canary.19.tgz#637288a775e3394b34989133ea6be47a6d9dbe31"
  integrity sha512-Iv3mmGQVOKxvO+fCEqXEj6cPeTkcNsN7bSbnvgXwFmjC4ZnLlKrZo3+n3O+zaZ7M2Y+Tbzk2IJ4DMOCQs3Pu/g==

"@next/swc-linux-arm64-musl@14.2.0-canary.19":
  version "14.2.0-canary.19"
  resolved "https://registry.yarnpkg.com/@next/swc-linux-arm64-musl/-/swc-linux-arm64-musl-14.2.0-canary.19.tgz#f031d583e370b0c17d8290ca2cc7250d5181cfe7"
  integrity sha512-6nVi4tJXrnuWwg6lDxUSfNObGSwty5ZnEI4U7W6ZXKUJPU9wivvi8tajubtsiH+szZK5K2IhwPWitFS43ua8ew==

"@next/swc-linux-x64-gnu@14.2.0-canary.19":
  version "14.2.0-canary.19"
  resolved "https://registry.yarnpkg.com/@next/swc-linux-x64-gnu/-/swc-linux-x64-gnu-14.2.0-canary.19.tgz#87d77991ad742ee1bf90b3a57a39c7d3bb5b68af"
  integrity sha512-WaxFOBchw1ynXnNVr0SPWAyROS8lpBdGMbA1T+uBKGm8C7bs8wXAOOjwI4dcLIiU3zgyxzHSuMr1ufSRReNd8g==

"@next/swc-linux-x64-musl@14.2.0-canary.19":
  version "14.2.0-canary.19"
  resolved "https://registry.yarnpkg.com/@next/swc-linux-x64-musl/-/swc-linux-x64-musl-14.2.0-canary.19.tgz#1d84adc6cb70b86c0334ea1ca45935fbd3e3ca61"
  integrity sha512-VDEjue+hc4CFmrYatvjuE0nAUIorToxAYFOQZFFIDPKqP9NTVsKRX7GZHBbLN2xIVthG3YeWucGuu+f2X4o7Lg==

"@next/swc-win32-arm64-msvc@14.2.0-canary.19":
  version "14.2.0-canary.19"
  resolved "https://registry.yarnpkg.com/@next/swc-win32-arm64-msvc/-/swc-win32-arm64-msvc-14.2.0-canary.19.tgz#323c032e4458d8ac05a5bf83a73edf27954a0605"
  integrity sha512-KktvtrXXsgRCAXt5eOw7DrJQny9lsvyyrIhJJSTX2IQotHNT033PLnxI0FKftKDTl2AlYk925nEH9DR+fn4Oeg==

"@next/swc-win32-ia32-msvc@14.2.0-canary.19":
  version "14.2.0-canary.19"
  resolved "https://registry.yarnpkg.com/@next/swc-win32-ia32-msvc/-/swc-win32-ia32-msvc-14.2.0-canary.19.tgz#eb85da5c45059741d36aca2bb5e7210cdc3f0756"
  integrity sha512-7ah2QXxIWWxClB2FHPv/U+4ZDfShz5awPiTSGYb33p9iz81uILketV9us/1u7yxH7LI7K9TFH/YIu+o3n5y6Nw==

"@next/swc-win32-x64-msvc@14.2.0-canary.19":
  version "14.2.0-canary.19"
  resolved "https://registry.yarnpkg.com/@next/swc-win32-x64-msvc/-/swc-win32-x64-msvc-14.2.0-canary.19.tgz#d3d79bacf04a182570b555e3d56aaf2437747bd9"
  integrity sha512-koI98KLV2DOyhptC+IeX2SWmLhDFy45GQLi3CPxJHFRkKN9MU0zo4ga/6F2zo04JO2rq4bp3tutiw3IcX1HlzQ==

"@swc/counter@^0.1.3":
  version "0.1.3"
  resolved "https://registry.yarnpkg.com/@swc/counter/-/counter-0.1.3.tgz#cc7463bd02949611c6329596fccd2b0ec782b0e9"
  integrity sha512-e2BR4lsJkkRlKZ/qCHPw9ZaSxc0MVUd7gtbtaB7aMvHeJVYe8sOB8DBZkP2DtISHGSku9sCK6T6cnY0CtXrOCQ==

"@swc/helpers@0.5.5":
  version "0.5.5"
  resolved "https://registry.yarnpkg.com/@swc/helpers/-/helpers-0.5.5.tgz#12689df71bfc9b21c4f4ca00ae55f2f16c8b77c0"
  integrity sha512-KGYxvIOXcceOAbEk4bi/dVLEK9z8sZ0uBB3Il5b1rhfClSpcX0yfRO0KmTkqR2cnQDymwLB+25ZyMzICg/cm/A==
  dependencies:
    "@swc/counter" "^0.1.3"
    tslib "^2.4.0"

"@types/node@^20":
  version "20.11.26"
  resolved "https://registry.yarnpkg.com/@types/node/-/node-20.11.26.tgz#3fbda536e51d5c79281e1d9657dcb0131baabd2d"
  integrity sha512-YwOMmyhNnAWijOBQweOJnQPl068Oqd4K3OFbTc6AHJwzweUwwWG3GIFY74OKks2PJUDkQPeddOQES9mLn1CTEQ==
  dependencies:
    undici-types "~5.26.4"

"@types/prop-types@*":
  version "15.7.11"
  resolved "https://registry.yarnpkg.com/@types/prop-types/-/prop-types-15.7.11.tgz#2596fb352ee96a1379c657734d4b913a613ad563"
  integrity sha512-ga8y9v9uyeiLdpKddhxYQkxNDrfvuPrlFb0N1qnZZByvcElJaXthF1UhvCh9TLWJBEHeNtdnbysW7Y6Uq8CVng==

"@types/react-dom@^18":
  version "18.2.21"
  resolved "https://registry.yarnpkg.com/@types/react-dom/-/react-dom-18.2.21.tgz#b8c81715cebdebb2994378616a8d54ace54f043a"
  integrity sha512-gnvBA/21SA4xxqNXEwNiVcP0xSGHh/gi1VhWv9Bl46a0ItbTT5nFY+G9VSQpaG/8N/qdJpJ+vftQ4zflTtnjLw==
  dependencies:
    "@types/react" "*"

"@types/react@*", "@types/react@^18":
  version "18.2.65"
  resolved "https://registry.yarnpkg.com/@types/react/-/react-18.2.65.tgz#54eb311fa9aba173c9e163d42ec188d5a42878b8"
  integrity sha512-98TsY0aW4jqx/3RqsUXwMDZSWR1Z4CUlJNue8ueS2/wcxZOsz4xmW1X8ieaWVRHcmmQM3R8xVA4XWB3dJnWwDQ==
  dependencies:
    "@types/prop-types" "*"
    "@types/scheduler" "*"
    csstype "^3.0.2"

"@types/scheduler@*":
  version "0.16.8"
  resolved "https://registry.yarnpkg.com/@types/scheduler/-/scheduler-0.16.8.tgz#ce5ace04cfeabe7ef87c0091e50752e36707deff"
  integrity sha512-WZLiwShhwLRmeV6zH+GkbOFT6Z6VklCItrDioxUnv+u4Ll+8vKeFySoFyK/0ctcRpOmwAicELfmys1sDc/Rw+A==

busboy@1.6.0:
  version "1.6.0"
  resolved "https://registry.yarnpkg.com/busboy/-/busboy-1.6.0.tgz#966ea36a9502e43cdb9146962523b92f531f6893"
  integrity sha512-8SFQbg/0hQ9xy3UNTB0YEnsNBbWfhf7RtnzpL7TkBiTBRfrQ9Fxcnz7VJsleJpyp6rVLvXiuORqjlHi5q+PYuA==
  dependencies:
    streamsearch "^1.1.0"

caniuse-lite@^1.0.30001579:
  version "1.0.30001597"
  resolved "https://registry.yarnpkg.com/caniuse-lite/-/caniuse-lite-1.0.30001597.tgz#8be94a8c1d679de23b22fbd944232aa1321639e6"
  integrity sha512-7LjJvmQU6Sj7bL0j5b5WY/3n7utXUJvAe1lxhsHDbLmwX9mdL86Yjtr+5SRCyf8qME4M7pU2hswj0FpyBVCv9w==

client-only@0.0.1:
  version "0.0.1"
  resolved "https://registry.yarnpkg.com/client-only/-/client-only-0.0.1.tgz#38bba5d403c41ab150bff64a95c85013cf73bca1"
  integrity sha512-IV3Ou0jSMzZrd3pZ48nLkT9DA7Ag1pnPzaiQhpW7c3RbcqqzvzzVu+L8gfqMp/8IM2MQtSiqaCxrrcfu8I8rMA==

csstype@^3.0.2:
  version "3.1.3"
  resolved "https://registry.yarnpkg.com/csstype/-/csstype-3.1.3.tgz#d80ff294d114fb0e6ac500fbf85b60137d7eff81"
  integrity sha512-M1uQkMl8rQK/szD0LNhtqxIPLpimGm8sOBwU7lLnCpSbTyY3yeU1Vc7l4KT5zT4s/yOxHH5O7tIuuLOCnLADRw==

graceful-fs@^4.2.11:
  version "4.2.11"
  resolved "https://registry.yarnpkg.com/graceful-fs/-/graceful-fs-4.2.11.tgz#4183e4e8bf08bb6e05bbb2f7d2e0c8f712ca40e3"
  integrity sha512-RbJ5/jmFcNNCcDV5o9eTnBLJ/HszWV0P73bc+Ff4nS/rJj+YaS6IGyiOL0VoBYX+l1Wrl3k63h/KrH+nhJ0XvQ==

"js-tokens@^3.0.0 || ^4.0.0":
  version "4.0.0"
  resolved "https://registry.yarnpkg.com/js-tokens/-/js-tokens-4.0.0.tgz#19203fb59991df98e3a287050d4647cdeaf32499"
  integrity sha512-RdJUflcE3cUzKiMqQgsCu06FPu9UdIJO0beYbPhHN4k6apgJtifcoCtT9bcxOpYBtpD2kCM6Sbzg4CausW/PKQ==

loose-envify@^1.1.0:
  version "1.4.0"
  resolved "https://registry.yarnpkg.com/loose-envify/-/loose-envify-1.4.0.tgz#71ee51fa7be4caec1a63839f7e682d8132d30caf"
  integrity sha512-lyuxPGr/Wfhrlem2CL/UcnUc1zcqKAImBDzukY7Y5F/yQiNdko6+fRLevlw1HgMySw7f611UIY408EtxRSoK3Q==
  dependencies:
    js-tokens "^3.0.0 || ^4.0.0"

nanoid@^3.3.6:
  version "3.3.7"
  resolved "https://registry.yarnpkg.com/nanoid/-/nanoid-3.3.7.tgz#d0c301a691bc8d54efa0a2226ccf3fe2fd656bd8"
  integrity sha512-eSRppjcPIatRIMC1U6UngP8XFcz8MQWGQdt1MTBQ7NaAmvXDfvNxbvWV3x2y6CdEUciCSsDHDQZbhYaB8QEo2g==

next@^14.2.0-canary.19:
  version "14.2.0-canary.19"
  resolved "https://registry.yarnpkg.com/next/-/next-14.2.0-canary.19.tgz#0f48017b946a80c2fdaf7a1e24118aa79dc013b9"
  integrity sha512-lXzGIKPCc8piBt4xS+f7CPeqQSC4LDaUnIcIdiTjeBR3PkKdj43q+YhWuNkWqWwTWC89OhK0o2Y8o41K3wKknA==
  dependencies:
    "@next/env" "14.2.0-canary.19"
    "@swc/helpers" "0.5.5"
    busboy "1.6.0"
    caniuse-lite "^1.0.30001579"
    graceful-fs "^4.2.11"
    postcss "8.4.31"
    styled-jsx "5.1.1"
  optionalDependencies:
    "@next/swc-darwin-arm64" "14.2.0-canary.19"
    "@next/swc-darwin-x64" "14.2.0-canary.19"
    "@next/swc-linux-arm64-gnu" "14.2.0-canary.19"
    "@next/swc-linux-arm64-musl" "14.2.0-canary.19"
    "@next/swc-linux-x64-gnu" "14.2.0-canary.19"
    "@next/swc-linux-x64-musl" "14.2.0-canary.19"
    "@next/swc-win32-arm64-msvc" "14.2.0-canary.19"
    "@next/swc-win32-ia32-msvc" "14.2.0-canary.19"
    "@next/swc-win32-x64-msvc" "14.2.0-canary.19"

picocolors@^1.0.0:
  version "1.0.0"
  resolved "https://registry.yarnpkg.com/picocolors/-/picocolors-1.0.0.tgz#cb5bdc74ff3f51892236eaf79d68bc44564ab81c"
  integrity sha512-1fygroTLlHu66zi26VoTDv8yRgm0Fccecssto+MhsZ0D/DGW2sm8E8AjW7NU5VVTRt5GxbeZ5qBuJr+HyLYkjQ==

postcss@8.4.31:
  version "8.4.31"
  resolved "https://registry.yarnpkg.com/postcss/-/postcss-8.4.31.tgz#92b451050a9f914da6755af352bdc0192508656d"
  integrity sha512-PS08Iboia9mts/2ygV3eLpY5ghnUcfLV/EXTOW1E2qYxJKGGBUtNjN76FYHnMs36RmARn41bC0AZmn+rR0OVpQ==
  dependencies:
    nanoid "^3.3.6"
    picocolors "^1.0.0"
    source-map-js "^1.0.2"

react-dom@^18:
  version "18.2.0"
  resolved "https://registry.yarnpkg.com/react-dom/-/react-dom-18.2.0.tgz#22aaf38708db2674ed9ada224ca4aa708d821e3d"
  integrity sha512-6IMTriUmvsjHUjNtEDudZfuDQUoWXVxKHhlEGSk81n4YFS+r/Kl99wXiwlVXtPBtJenozv2P+hxDsw9eA7Xo6g==
  dependencies:
    loose-envify "^1.1.0"
    scheduler "^0.23.0"

react@^18:
  version "18.2.0"
  resolved "https://registry.yarnpkg.com/react/-/react-18.2.0.tgz#555bd98592883255fa00de14f1151a917b5d77d5"
  integrity sha512-/3IjMdb2L9QbBdWiW5e3P2/npwMBaU9mHCSCUzNln0ZCYbcfTsGbTJrU/kGemdH2IWmB2ioZ+zkxtmq6g09fGQ==
  dependencies:
    loose-envify "^1.1.0"

scheduler@^0.23.0:
  version "0.23.0"
  resolved "https://registry.yarnpkg.com/scheduler/-/scheduler-0.23.0.tgz#ba8041afc3d30eb206a487b6b384002e4e61fdfe"
  integrity sha512-CtuThmgHNg7zIZWAXi3AsyIzA3n4xx7aNyjwC2VJldO2LMVDhFK+63xGqq6CsJH4rTAt6/M+N4GhZiDYPx9eUw==
  dependencies:
    loose-envify "^1.1.0"

source-map-js@^1.0.2:
  version "1.0.2"
  resolved "https://registry.yarnpkg.com/source-map-js/-/source-map-js-1.0.2.tgz#adbc361d9c62df380125e7f161f71c826f1e490c"
  integrity sha512-R0XvVJ9WusLiqTCEiGCmICCMplcCkIwwR11mOSD9CR5u+IXYdiseeEuXCVAjS54zqwkLcPNnmU4OeJ6tUrWhDw==

streamsearch@^1.1.0:
  version "1.1.0"
  resolved "https://registry.yarnpkg.com/streamsearch/-/streamsearch-1.1.0.tgz#404dd1e2247ca94af554e841a8ef0eaa238da764"
  integrity sha512-Mcc5wHehp9aXz1ax6bZUyY5afg9u2rv5cqQI3mRrYkGC8rW2hM02jWuwjtL++LS5qinSyhj2QfLyNsuc+VsExg==

styled-jsx@5.1.1:
  version "5.1.1"
  resolved "https://registry.yarnpkg.com/styled-jsx/-/styled-jsx-5.1.1.tgz#839a1c3aaacc4e735fed0781b8619ea5d0009d1f"
  integrity sha512-pW7uC1l4mBZ8ugbiZrcIsiIvVx1UmTfw7UkC3Um2tmfUq9Bhk8IiyEIPl6F8agHgjzku6j0xQEZbfA5uSgSaCw==
  dependencies:
    client-only "0.0.1"

tslib@^2.4.0:
  version "2.6.2"
  resolved "https://registry.yarnpkg.com/tslib/-/tslib-2.6.2.tgz#703ac29425e7b37cd6fd456e92404d46d1f3e4ae"
  integrity sha512-AEYxH93jGFPn/a2iVAwW87VuUIkR1FVUKB77NwMF7nBTDkDrrT/Hpt/IrCJ0QXhW27jTBDcf5ZY7w6RiqTMw2Q==

typescript@^5:
  version "5.4.2"
  resolved "https://registry.yarnpkg.com/typescript/-/typescript-5.4.2.tgz#0ae9cebcfae970718474fe0da2c090cad6577372"
  integrity sha512-+2/g0Fds1ERlP6JsakQQDXjZdZMM+rqpamFZJEKh4kwTIn3iDkgKtby0CeNd5ATNZ4Ry1ax15TMx0W2V+miizQ==

undici-types@~5.26.4:
  version "5.26.5"
  resolved "https://registry.yarnpkg.com/undici-types/-/undici-types-5.26.5.tgz#bcd539893d00b56e964fd2657a4866b221a65617"
  integrity sha512-JlCMO+ehdEIKqlFxk6IfVoAUVmgz7cU7zD/h9XZ0qzeosSHmUJVOzSQvvYSYWXkFXC+IfLKSIffhv0sVZup6pA==
